
Microsoft Visual Studio Solution File, Format Version 12.00
# Visual Studio 15
VisualStudioVersion = 15.0.27004.2005
MinimumVisualStudioVersion = 10.0.40219.1
Project("{8BC9CEB8-8B4A-11D0-8D11-00A0C91BC942}") = "FiftyOne.DeviceDetection.Hash.Java", "FiftyOne.DeviceDetection.Hash.Java.vcxproj", "{D995A098-F703-4715-9797-1AEF46E43BDA}"
EndProject
Project("{8BC9CEB8-8B4A-11D0-8D11-00A0C91BC942}") = "FiftyOne.DeviceDetection.Pattern.Java", "FiftyOne.DeviceDetection.Pattern.Java.vcxproj", "{F801A727-2812-4157-A65B-CEFFD0901AD4}"
EndProject
Project("{8BC9CEB8-8B4A-11D0-8D11-00A0C91BC942}") = "FiftyOne.DeviceDetection.Hash.C", "..\device-detection-cxx\VisualStudio\FiftyOne.DeviceDetection.Hash.C\FiftyOne.DeviceDetection.Hash.C.vcxproj", "{1D1FB480-9E69-4C1D-A120-1601B00B2457}"
EndProject
Project("{8BC9CEB8-8B4A-11D0-8D11-00A0C91BC942}") = "FiftyOne.DeviceDetection.Hash.Cpp", "..\device-detection-cxx\VisualStudio\FiftyOne.DeviceDetection.Hash.Cpp\FiftyOne.DeviceDetection.Hash.Cpp.vcxproj", "{401C012A-E5D9-4C00-9C5E-3FE078CED61B}"
EndProject
Project("{8BC9CEB8-8B4A-11D0-8D11-00A0C91BC942}") = "FiftyOne.DeviceDetection.Pattern.C", "..\device-detection-cxx\VisualStudio\FiftyOne.DeviceDetection.Pattern.C\FiftyOne.DeviceDetection.Pattern.C.vcxproj", "{B619B7A5-D324-4B05-AB6E-6E98561AE24E}"
EndProject
Project("{8BC9CEB8-8B4A-11D0-8D11-00A0C91BC942}") = "FiftyOne.DeviceDetection.Pattern.Cpp", "..\device-detection-cxx\VisualStudio\FiftyOne.DeviceDetection.Pattern.Cpp\FiftyOne.DeviceDetection.Pattern.Cpp.vcxproj", "{7D2E0F4B-582D-4836-83F1-C3477EE36DB8}"
EndProject
Project("{8BC9CEB8-8B4A-11D0-8D11-00A0C91BC942}") = "FiftyOne.DeviceDetection.C", "..\device-detection-cxx\VisualStudio\FiftyOne.DeviceDetection.C\FiftyOne.DeviceDetection.C.vcxproj", "{CCBBB20E-10A3-4E1B-9D71-27A84C548E6E}"
EndProject
Project("{8BC9CEB8-8B4A-11D0-8D11-00A0C91BC942}") = "FiftyOne.DeviceDetection.CPP", "..\device-detection-cxx\VisualStudio\FiftyOne.DeviceDetection.CPP\FiftyOne.DeviceDetection.CPP.vcxproj", "{79B9D213-082A-40D9-B5A7-2758AEDFCBEC}"
EndProject
Project("{8BC9CEB8-8B4A-11D0-8D11-00A0C91BC942}") = "FiftyOne.Common.C", "..\device-detection-cxx\src\common-cxx\VisualStudio\FiftyOne.Common.C\FiftyOne.Common.C.vcxproj", "{8E1B0B4C-8220-4E7B-A838-B4B3DDB4CF15}"
EndProject
Project("{8BC9CEB8-8B4A-11D0-8D11-00A0C91BC942}") = "FiftyOne.Common.CPP", "..\device-detection-cxx\src\common-cxx\VisualStudio\FiftyOne.Common.CPP\FiftyOne.Common.CPP.vcxproj", "{01DCCD38-27CC-4C1A-851F-F1700EDF8BB5}"
EndProject
Global
	GlobalSection(SolutionConfigurationPlatforms) = preSolution
		Debug|x64 = Debug|x64
		Debug|x86 = Debug|x86
		Debug-MemoryOnly|x64 = Debug-MemoryOnly|x64
		Debug-MemoryOnly|x86 = Debug-MemoryOnly|x86
		Debug-Single|x64 = Debug-Single|x64
		Debug-Single|x86 = Debug-Single|x86
		Release|x64 = Release|x64
		Release|x86 = Release|x86
		Release-MemoryOnly|x64 = Release-MemoryOnly|x64
		Release-MemoryOnly|x86 = Release-MemoryOnly|x86
		Release-Single|x64 = Release-Single|x64
		Release-Single|x86 = Release-Single|x86
	EndGlobalSection
	GlobalSection(ProjectConfigurationPlatforms) = postSolution
		{D995A098-F703-4715-9797-1AEF46E43BDA}.Debug|x64.ActiveCfg = Debug|x64
		{D995A098-F703-4715-9797-1AEF46E43BDA}.Debug|x64.Build.0 = Debug|x64
		{D995A098-F703-4715-9797-1AEF46E43BDA}.Debug|x86.ActiveCfg = Debug|Win32
		{D995A098-F703-4715-9797-1AEF46E43BDA}.Debug|x86.Build.0 = Debug|Win32
		{D995A098-F703-4715-9797-1AEF46E43BDA}.Debug-MemoryOnly|x64.ActiveCfg = Debug|x64
		{D995A098-F703-4715-9797-1AEF46E43BDA}.Debug-MemoryOnly|x64.Build.0 = Debug|x64
		{D995A098-F703-4715-9797-1AEF46E43BDA}.Debug-MemoryOnly|x86.ActiveCfg = Debug|Win32
		{D995A098-F703-4715-9797-1AEF46E43BDA}.Debug-MemoryOnly|x86.Build.0 = Debug|Win32
		{D995A098-F703-4715-9797-1AEF46E43BDA}.Debug-Single|x64.ActiveCfg = Debug|x64
		{D995A098-F703-4715-9797-1AEF46E43BDA}.Debug-Single|x64.Build.0 = Debug|x64
		{D995A098-F703-4715-9797-1AEF46E43BDA}.Debug-Single|x86.ActiveCfg = Debug|Win32
		{D995A098-F703-4715-9797-1AEF46E43BDA}.Debug-Single|x86.Build.0 = Debug|Win32
		{D995A098-F703-4715-9797-1AEF46E43BDA}.Release|x64.ActiveCfg = Release|x64
		{D995A098-F703-4715-9797-1AEF46E43BDA}.Release|x64.Build.0 = Release|x64
		{D995A098-F703-4715-9797-1AEF46E43BDA}.Release|x86.ActiveCfg = Release|Win32
		{D995A098-F703-4715-9797-1AEF46E43BDA}.Release|x86.Build.0 = Release|Win32
		{D995A098-F703-4715-9797-1AEF46E43BDA}.Release-MemoryOnly|x64.ActiveCfg = Release|x64
		{D995A098-F703-4715-9797-1AEF46E43BDA}.Release-MemoryOnly|x64.Build.0 = Release|x64
		{D995A098-F703-4715-9797-1AEF46E43BDA}.Release-MemoryOnly|x86.ActiveCfg = Release|Win32
		{D995A098-F703-4715-9797-1AEF46E43BDA}.Release-MemoryOnly|x86.Build.0 = Release|Win32
		{D995A098-F703-4715-9797-1AEF46E43BDA}.Release-Single|x64.ActiveCfg = Release|x64
		{D995A098-F703-4715-9797-1AEF46E43BDA}.Release-Single|x64.Build.0 = Release|x64
		{D995A098-F703-4715-9797-1AEF46E43BDA}.Release-Single|x86.ActiveCfg = Debug|Win32
		{D995A098-F703-4715-9797-1AEF46E43BDA}.Release-Single|x86.Build.0 = Debug|Win32
		{F801A727-2812-4157-A65B-CEFFD0901AD4}.Debug|x64.ActiveCfg = Debug|x64
		{F801A727-2812-4157-A65B-CEFFD0901AD4}.Debug|x64.Build.0 = Debug|x64
		{F801A727-2812-4157-A65B-CEFFD0901AD4}.Debug|x86.ActiveCfg = Debug|Win32
		{F801A727-2812-4157-A65B-CEFFD0901AD4}.Debug|x86.Build.0 = Debug|Win32
		{F801A727-2812-4157-A65B-CEFFD0901AD4}.Debug-MemoryOnly|x64.ActiveCfg = Debug|x64
		{F801A727-2812-4157-A65B-CEFFD0901AD4}.Debug-MemoryOnly|x64.Build.0 = Debug|x64
		{F801A727-2812-4157-A65B-CEFFD0901AD4}.Debug-MemoryOnly|x86.ActiveCfg = Debug|Win32
		{F801A727-2812-4157-A65B-CEFFD0901AD4}.Debug-MemoryOnly|x86.Build.0 = Debug|Win32
		{F801A727-2812-4157-A65B-CEFFD0901AD4}.Debug-Single|x64.ActiveCfg = Debug|x64
		{F801A727-2812-4157-A65B-CEFFD0901AD4}.Debug-Single|x64.Build.0 = Debug|x64
		{F801A727-2812-4157-A65B-CEFFD0901AD4}.Debug-Single|x86.ActiveCfg = Debug|Win32
		{F801A727-2812-4157-A65B-CEFFD0901AD4}.Debug-Single|x86.Build.0 = Debug|Win32
		{F801A727-2812-4157-A65B-CEFFD0901AD4}.Release|x64.ActiveCfg = Release|x64
		{F801A727-2812-4157-A65B-CEFFD0901AD4}.Release|x64.Build.0 = Release|x64
		{F801A727-2812-4157-A65B-CEFFD0901AD4}.Release|x86.ActiveCfg = Release|Win32
		{F801A727-2812-4157-A65B-CEFFD0901AD4}.Release|x86.Build.0 = Release|Win32
		{F801A727-2812-4157-A65B-CEFFD0901AD4}.Release-MemoryOnly|x64.ActiveCfg = Release|x64
		{F801A727-2812-4157-A65B-CEFFD0901AD4}.Release-MemoryOnly|x64.Build.0 = Release|x64
		{F801A727-2812-4157-A65B-CEFFD0901AD4}.Release-MemoryOnly|x86.ActiveCfg = Release|Win32
		{F801A727-2812-4157-A65B-CEFFD0901AD4}.Release-MemoryOnly|x86.Build.0 = Release|Win32
		{F801A727-2812-4157-A65B-CEFFD0901AD4}.Release-Single|x64.ActiveCfg = Release|x64
		{F801A727-2812-4157-A65B-CEFFD0901AD4}.Release-Single|x64.Build.0 = Release|x64
		{F801A727-2812-4157-A65B-CEFFD0901AD4}.Release-Single|x86.ActiveCfg = Release|Win32
		{F801A727-2812-4157-A65B-CEFFD0901AD4}.Release-Single|x86.Build.0 = Release|Win32
		{1D1FB480-9E69-4C1D-A120-1601B00B2457}.Debug|x64.ActiveCfg = Debug|x64
		{1D1FB480-9E69-4C1D-A120-1601B00B2457}.Debug|x64.Build.0 = Debug|x64
		{1D1FB480-9E69-4C1D-A120-1601B00B2457}.Debug|x86.ActiveCfg = Debug|Win32
		{1D1FB480-9E69-4C1D-A120-1601B00B2457}.Debug|x86.Build.0 = Debug|Win32
		{1D1FB480-9E69-4C1D-A120-1601B00B2457}.Debug-MemoryOnly|x64.ActiveCfg = Debug-MemoryOnly|x64
		{1D1FB480-9E69-4C1D-A120-1601B00B2457}.Debug-MemoryOnly|x64.Build.0 = Debug-MemoryOnly|x64
		{1D1FB480-9E69-4C1D-A120-1601B00B2457}.Debug-MemoryOnly|x86.ActiveCfg = Debug-MemoryOnly|Win32
		{1D1FB480-9E69-4C1D-A120-1601B00B2457}.Debug-MemoryOnly|x86.Build.0 = Debug-MemoryOnly|Win32
		{1D1FB480-9E69-4C1D-A120-1601B00B2457}.Debug-Single|x64.ActiveCfg = Debug-Single|x64
		{1D1FB480-9E69-4C1D-A120-1601B00B2457}.Debug-Single|x64.Build.0 = Debug-Single|x64
		{1D1FB480-9E69-4C1D-A120-1601B00B2457}.Debug-Single|x86.ActiveCfg = Debug-Single|Win32
		{1D1FB480-9E69-4C1D-A120-1601B00B2457}.Debug-Single|x86.Build.0 = Debug-Single|Win32
		{1D1FB480-9E69-4C1D-A120-1601B00B2457}.Release|x64.ActiveCfg = Release|x64
		{1D1FB480-9E69-4C1D-A120-1601B00B2457}.Release|x64.Build.0 = Release|x64
		{1D1FB480-9E69-4C1D-A120-1601B00B2457}.Release|x86.ActiveCfg = Release|Win32
		{1D1FB480-9E69-4C1D-A120-1601B00B2457}.Release|x86.Build.0 = Release|Win32
		{1D1FB480-9E69-4C1D-A120-1601B00B2457}.Release-MemoryOnly|x64.ActiveCfg = Release-MemoryOnly|x64
		{1D1FB480-9E69-4C1D-A120-1601B00B2457}.Release-MemoryOnly|x64.Build.0 = Release-MemoryOnly|x64
		{1D1FB480-9E69-4C1D-A120-1601B00B2457}.Release-MemoryOnly|x86.ActiveCfg = Release-MemoryOnly|Win32
		{1D1FB480-9E69-4C1D-A120-1601B00B2457}.Release-MemoryOnly|x86.Build.0 = Release-MemoryOnly|Win32
		{1D1FB480-9E69-4C1D-A120-1601B00B2457}.Release-Single|x64.ActiveCfg = Release-Single|x64
		{1D1FB480-9E69-4C1D-A120-1601B00B2457}.Release-Single|x64.Build.0 = Release-Single|x64
		{1D1FB480-9E69-4C1D-A120-1601B00B2457}.Release-Single|x86.ActiveCfg = Release-Single|Win32
		{1D1FB480-9E69-4C1D-A120-1601B00B2457}.Release-Single|x86.Build.0 = Release-Single|Win32
		{401C012A-E5D9-4C00-9C5E-3FE078CED61B}.Debug|x64.ActiveCfg = Debug|x64
		{401C012A-E5D9-4C00-9C5E-3FE078CED61B}.Debug|x64.Build.0 = Debug|x64
		{401C012A-E5D9-4C00-9C5E-3FE078CED61B}.Debug|x86.ActiveCfg = Debug|Win32
		{401C012A-E5D9-4C00-9C5E-3FE078CED61B}.Debug|x86.Build.0 = Debug|Win32
		{401C012A-E5D9-4C00-9C5E-3FE078CED61B}.Debug-MemoryOnly|x64.ActiveCfg = Debug-MemoryOnly|x64
		{401C012A-E5D9-4C00-9C5E-3FE078CED61B}.Debug-MemoryOnly|x64.Build.0 = Debug-MemoryOnly|x64
		{401C012A-E5D9-4C00-9C5E-3FE078CED61B}.Debug-MemoryOnly|x86.ActiveCfg = Debug-MemoryOnly|Win32
		{401C012A-E5D9-4C00-9C5E-3FE078CED61B}.Debug-MemoryOnly|x86.Build.0 = Debug-MemoryOnly|Win32
		{401C012A-E5D9-4C00-9C5E-3FE078CED61B}.Debug-Single|x64.ActiveCfg = Debug-Single|x64
		{401C012A-E5D9-4C00-9C5E-3FE078CED61B}.Debug-Single|x64.Build.0 = Debug-Single|x64
		{401C012A-E5D9-4C00-9C5E-3FE078CED61B}.Debug-Single|x86.ActiveCfg = Debug-Single|Win32
		{401C012A-E5D9-4C00-9C5E-3FE078CED61B}.Debug-Single|x86.Build.0 = Debug-Single|Win32
		{401C012A-E5D9-4C00-9C5E-3FE078CED61B}.Release|x64.ActiveCfg = Release|x64
		{401C012A-E5D9-4C00-9C5E-3FE078CED61B}.Release|x64.Build.0 = Release|x64
		{401C012A-E5D9-4C00-9C5E-3FE078CED61B}.Release|x86.ActiveCfg = Release|Win32
		{401C012A-E5D9-4C00-9C5E-3FE078CED61B}.Release|x86.Build.0 = Release|Win32
		{401C012A-E5D9-4C00-9C5E-3FE078CED61B}.Release-MemoryOnly|x64.ActiveCfg = Release-MemoryOnly|x64
		{401C012A-E5D9-4C00-9C5E-3FE078CED61B}.Release-MemoryOnly|x64.Build.0 = Release-MemoryOnly|x64
		{401C012A-E5D9-4C00-9C5E-3FE078CED61B}.Release-MemoryOnly|x86.ActiveCfg = Release-MemoryOnly|Win32
		{401C012A-E5D9-4C00-9C5E-3FE078CED61B}.Release-MemoryOnly|x86.Build.0 = Release-MemoryOnly|Win32
		{401C012A-E5D9-4C00-9C5E-3FE078CED61B}.Release-Single|x64.ActiveCfg = Release-Single|x64
		{401C012A-E5D9-4C00-9C5E-3FE078CED61B}.Release-Single|x64.Build.0 = Release-Single|x64
		{401C012A-E5D9-4C00-9C5E-3FE078CED61B}.Release-Single|x86.ActiveCfg = Release-Single|Win32
		{401C012A-E5D9-4C00-9C5E-3FE078CED61B}.Release-Single|x86.Build.0 = Release-Single|Win32
		{B619B7A5-D324-4B05-AB6E-6E98561AE24E}.Debug|x64.ActiveCfg = Debug|x64
		{B619B7A5-D324-4B05-AB6E-6E98561AE24E}.Debug|x64.Build.0 = Debug|x64
		{B619B7A5-D324-4B05-AB6E-6E98561AE24E}.Debug|x86.ActiveCfg = Debug|Win32
		{B619B7A5-D324-4B05-AB6E-6E98561AE24E}.Debug|x86.Build.0 = Debug|Win32
		{B619B7A5-D324-4B05-AB6E-6E98561AE24E}.Debug-MemoryOnly|x64.ActiveCfg = Debug-MemoryOnly|x64
		{B619B7A5-D324-4B05-AB6E-6E98561AE24E}.Debug-MemoryOnly|x64.Build.0 = Debug-MemoryOnly|x64
		{B619B7A5-D324-4B05-AB6E-6E98561AE24E}.Debug-MemoryOnly|x86.ActiveCfg = Debug-MemoryOnly|Win32
		{B619B7A5-D324-4B05-AB6E-6E98561AE24E}.Debug-MemoryOnly|x86.Build.0 = Debug-MemoryOnly|Win32
		{B619B7A5-D324-4B05-AB6E-6E98561AE24E}.Debug-Single|x64.ActiveCfg = Debug-Single|x64
		{B619B7A5-D324-4B05-AB6E-6E98561AE24E}.Debug-Single|x64.Build.0 = Debug-Single|x64
		{B619B7A5-D324-4B05-AB6E-6E98561AE24E}.Debug-Single|x86.ActiveCfg = Debug-Single|Win32
		{B619B7A5-D324-4B05-AB6E-6E98561AE24E}.Debug-Single|x86.Build.0 = Debug-Single|Win32
		{B619B7A5-D324-4B05-AB6E-6E98561AE24E}.Release|x64.ActiveCfg = Release|x64
		{B619B7A5-D324-4B05-AB6E-6E98561AE24E}.Release|x64.Build.0 = Release|x64
		{B619B7A5-D324-4B05-AB6E-6E98561AE24E}.Release|x86.ActiveCfg = Release|Win32
		{B619B7A5-D324-4B05-AB6E-6E98561AE24E}.Release|x86.Build.0 = Release|Win32
		{B619B7A5-D324-4B05-AB6E-6E98561AE24E}.Release-MemoryOnly|x64.ActiveCfg = Release-MemoryOnly|x64
		{B619B7A5-D324-4B05-AB6E-6E98561AE24E}.Release-MemoryOnly|x64.Build.0 = Release-MemoryOnly|x64
		{B619B7A5-D324-4B05-AB6E-6E98561AE24E}.Release-MemoryOnly|x86.ActiveCfg = Release-MemoryOnly|Win32
		{B619B7A5-D324-4B05-AB6E-6E98561AE24E}.Release-MemoryOnly|x86.Build.0 = Release-MemoryOnly|Win32
		{B619B7A5-D324-4B05-AB6E-6E98561AE24E}.Release-Single|x64.ActiveCfg = Release-Single|x64
		{B619B7A5-D324-4B05-AB6E-6E98561AE24E}.Release-Single|x64.Build.0 = Release-Single|x64
		{B619B7A5-D324-4B05-AB6E-6E98561AE24E}.Release-Single|x86.ActiveCfg = Release-Single|Win32
		{B619B7A5-D324-4B05-AB6E-6E98561AE24E}.Release-Single|x86.Build.0 = Release-Single|Win32
		{7D2E0F4B-582D-4836-83F1-C3477EE36DB8}.Debug|x64.ActiveCfg = Debug|x64
		{7D2E0F4B-582D-4836-83F1-C3477EE36DB8}.Debug|x64.Build.0 = Debug|x64
		{7D2E0F4B-582D-4836-83F1-C3477EE36DB8}.Debug|x86.ActiveCfg = Debug|Win32
		{7D2E0F4B-582D-4836-83F1-C3477EE36DB8}.Debug|x86.Build.0 = Debug|Win32
		{7D2E0F4B-582D-4836-83F1-C3477EE36DB8}.Debug-MemoryOnly|x64.ActiveCfg = Debug-MemoryOnly|x64
		{7D2E0F4B-582D-4836-83F1-C3477EE36DB8}.Debug-MemoryOnly|x64.Build.0 = Debug-MemoryOnly|x64
		{7D2E0F4B-582D-4836-83F1-C3477EE36DB8}.Debug-MemoryOnly|x86.ActiveCfg = Debug-MemoryOnly|Win32
		{7D2E0F4B-582D-4836-83F1-C3477EE36DB8}.Debug-MemoryOnly|x86.Build.0 = Debug-MemoryOnly|Win32
		{7D2E0F4B-582D-4836-83F1-C3477EE36DB8}.Debug-Single|x64.ActiveCfg = Debug-Single|x64
		{7D2E0F4B-582D-4836-83F1-C3477EE36DB8}.Debug-Single|x64.Build.0 = Debug-Single|x64
		{7D2E0F4B-582D-4836-83F1-C3477EE36DB8}.Debug-Single|x86.ActiveCfg = Debug-Single|Win32
		{7D2E0F4B-582D-4836-83F1-C3477EE36DB8}.Debug-Single|x86.Build.0 = Debug-Single|Win32
		{7D2E0F4B-582D-4836-83F1-C3477EE36DB8}.Release|x64.ActiveCfg = Release|x64
		{7D2E0F4B-582D-4836-83F1-C3477EE36DB8}.Release|x64.Build.0 = Release|x64
		{7D2E0F4B-582D-4836-83F1-C3477EE36DB8}.Release|x86.ActiveCfg = Release|Win32
		{7D2E0F4B-582D-4836-83F1-C3477EE36DB8}.Release|x86.Build.0 = Release|Win32
		{7D2E0F4B-582D-4836-83F1-C3477EE36DB8}.Release-MemoryOnly|x64.ActiveCfg = Release-MemoryOnly|x64
		{7D2E0F4B-582D-4836-83F1-C3477EE36DB8}.Release-MemoryOnly|x64.Build.0 = Release-MemoryOnly|x64
		{7D2E0F4B-582D-4836-83F1-C3477EE36DB8}.Release-MemoryOnly|x86.ActiveCfg = Release-MemoryOnly|Win32
		{7D2E0F4B-582D-4836-83F1-C3477EE36DB8}.Release-MemoryOnly|x86.Build.0 = Release-MemoryOnly|Win32
		{7D2E0F4B-582D-4836-83F1-C3477EE36DB8}.Release-Single|x64.ActiveCfg = Release-Single|x64
		{7D2E0F4B-582D-4836-83F1-C3477EE36DB8}.Release-Single|x64.Build.0 = Release-Single|x64
		{7D2E0F4B-582D-4836-83F1-C3477EE36DB8}.Release-Single|x86.ActiveCfg = Release-Single|Win32
		{7D2E0F4B-582D-4836-83F1-C3477EE36DB8}.Release-Single|x86.Build.0 = Release-Single|Win32
		{CCBBB20E-10A3-4E1B-9D71-27A84C548E6E}.Debug|x64.ActiveCfg = Debug|x64
		{CCBBB20E-10A3-4E1B-9D71-27A84C548E6E}.Debug|x64.Build.0 = Debug|x64
		{CCBBB20E-10A3-4E1B-9D71-27A84C548E6E}.Debug|x86.ActiveCfg = Debug|Win32
		{CCBBB20E-10A3-4E1B-9D71-27A84C548E6E}.Debug|x86.Build.0 = Debug|Win32
		{CCBBB20E-10A3-4E1B-9D71-27A84C548E6E}.Debug-MemoryOnly|x64.ActiveCfg = Debug-MemoryOnly|x64
		{CCBBB20E-10A3-4E1B-9D71-27A84C548E6E}.Debug-MemoryOnly|x64.Build.0 = Debug-MemoryOnly|x64
		{CCBBB20E-10A3-4E1B-9D71-27A84C548E6E}.Debug-MemoryOnly|x86.ActiveCfg = Debug-MemoryOnly|Win32
		{CCBBB20E-10A3-4E1B-9D71-27A84C548E6E}.Debug-MemoryOnly|x86.Build.0 = Debug-MemoryOnly|Win32
		{CCBBB20E-10A3-4E1B-9D71-27A84C548E6E}.Debug-Single|x64.ActiveCfg = Debug-Single|x64
		{CCBBB20E-10A3-4E1B-9D71-27A84C548E6E}.Debug-Single|x64.Build.0 = Debug-Single|x64
		{CCBBB20E-10A3-4E1B-9D71-27A84C548E6E}.Debug-Single|x86.ActiveCfg = Debug-Single|Win32
		{CCBBB20E-10A3-4E1B-9D71-27A84C548E6E}.Debug-Single|x86.Build.0 = Debug-Single|Win32
		{CCBBB20E-10A3-4E1B-9D71-27A84C548E6E}.Release|x64.ActiveCfg = Release|x64
		{CCBBB20E-10A3-4E1B-9D71-27A84C548E6E}.Release|x64.Build.0 = Release|x64
		{CCBBB20E-10A3-4E1B-9D71-27A84C548E6E}.Release|x86.ActiveCfg = Release|Win32
		{CCBBB20E-10A3-4E1B-9D71-27A84C548E6E}.Release|x86.Build.0 = Release|Win32
		{CCBBB20E-10A3-4E1B-9D71-27A84C548E6E}.Release-MemoryOnly|x64.ActiveCfg = Release-MemoryOnly|x64
		{CCBBB20E-10A3-4E1B-9D71-27A84C548E6E}.Release-MemoryOnly|x64.Build.0 = Release-MemoryOnly|x64
		{CCBBB20E-10A3-4E1B-9D71-27A84C548E6E}.Release-MemoryOnly|x86.ActiveCfg = Release-MemoryOnly|Win32
		{CCBBB20E-10A3-4E1B-9D71-27A84C548E6E}.Release-MemoryOnly|x86.Build.0 = Release-MemoryOnly|Win32
		{CCBBB20E-10A3-4E1B-9D71-27A84C548E6E}.Release-Single|x64.ActiveCfg = Release-Single|x64
		{CCBBB20E-10A3-4E1B-9D71-27A84C548E6E}.Release-Single|x64.Build.0 = Release-Single|x64
		{CCBBB20E-10A3-4E1B-9D71-27A84C548E6E}.Release-Single|x86.ActiveCfg = Release-Single|Win32
		{CCBBB20E-10A3-4E1B-9D71-27A84C548E6E}.Release-Single|x86.Build.0 = Release-Single|Win32
		{79B9D213-082A-40D9-B5A7-2758AEDFCBEC}.Debug|x64.ActiveCfg = Debug|x64
		{79B9D213-082A-40D9-B5A7-2758AEDFCBEC}.Debug|x64.Build.0 = Debug|x64
		{79B9D213-082A-40D9-B5A7-2758AEDFCBEC}.Debug|x86.ActiveCfg = Debug|Win32
		{79B9D213-082A-40D9-B5A7-2758AEDFCBEC}.Debug|x86.Build.0 = Debug|Win32
		{79B9D213-082A-40D9-B5A7-2758AEDFCBEC}.Debug-MemoryOnly|x64.ActiveCfg = Debug-MemoryOnly|x64
		{79B9D213-082A-40D9-B5A7-2758AEDFCBEC}.Debug-MemoryOnly|x64.Build.0 = Debug-MemoryOnly|x64
		{79B9D213-082A-40D9-B5A7-2758AEDFCBEC}.Debug-MemoryOnly|x86.ActiveCfg = Debug-MemoryOnly|Win32
		{79B9D213-082A-40D9-B5A7-2758AEDFCBEC}.Debug-MemoryOnly|x86.Build.0 = Debug-MemoryOnly|Win32
		{79B9D213-082A-40D9-B5A7-2758AEDFCBEC}.Debug-Single|x64.ActiveCfg = Debug-Single|x64
		{79B9D213-082A-40D9-B5A7-2758AEDFCBEC}.Debug-Single|x64.Build.0 = Debug-Single|x64
		{79B9D213-082A-40D9-B5A7-2758AEDFCBEC}.Debug-Single|x86.ActiveCfg = Debug-Single|Win32
		{79B9D213-082A-40D9-B5A7-2758AEDFCBEC}.Debug-Single|x86.Build.0 = Debug-Single|Win32
		{79B9D213-082A-40D9-B5A7-2758AEDFCBEC}.Release|x64.ActiveCfg = Release|x64
		{79B9D213-082A-40D9-B5A7-2758AEDFCBEC}.Release|x64.Build.0 = Release|x64
		{79B9D213-082A-40D9-B5A7-2758AEDFCBEC}.Release|x86.ActiveCfg = Release|Win32
		{79B9D213-082A-40D9-B5A7-2758AEDFCBEC}.Release|x86.Build.0 = Release|Win32
		{79B9D213-082A-40D9-B5A7-2758AEDFCBEC}.Release-MemoryOnly|x64.ActiveCfg = Release-MemoryOnly|x64
		{79B9D213-082A-40D9-B5A7-2758AEDFCBEC}.Release-MemoryOnly|x64.Build.0 = Release-MemoryOnly|x64
		{79B9D213-082A-40D9-B5A7-2758AEDFCBEC}.Release-MemoryOnly|x86.ActiveCfg = Release-MemoryOnly|Win32
		{79B9D213-082A-40D9-B5A7-2758AEDFCBEC}.Release-MemoryOnly|x86.Build.0 = Release-MemoryOnly|Win32
		{79B9D213-082A-40D9-B5A7-2758AEDFCBEC}.Release-Single|x64.ActiveCfg = Release-Single|x64
		{79B9D213-082A-40D9-B5A7-2758AEDFCBEC}.Release-Single|x64.Build.0 = Release-Single|x64
		{79B9D213-082A-40D9-B5A7-2758AEDFCBEC}.Release-Single|x86.ActiveCfg = Release-Single|Win32
		{79B9D213-082A-40D9-B5A7-2758AEDFCBEC}.Release-Single|x86.Build.0 = Release-Single|Win32
		{8E1B0B4C-8220-4E7B-A838-B4B3DDB4CF15}.Debug|x64.ActiveCfg = Debug|x64
		{8E1B0B4C-8220-4E7B-A838-B4B3DDB4CF15}.Debug|x64.Build.0 = Debug|x64
		{8E1B0B4C-8220-4E7B-A838-B4B3DDB4CF15}.Debug|x86.ActiveCfg = Debug|Win32
		{8E1B0B4C-8220-4E7B-A838-B4B3DDB4CF15}.Debug|x86.Build.0 = Debug|Win32
		{8E1B0B4C-8220-4E7B-A838-B4B3DDB4CF15}.Debug-MemoryOnly|x64.ActiveCfg = Debug-MemoryOnly|x64
		{8E1B0B4C-8220-4E7B-A838-B4B3DDB4CF15}.Debug-MemoryOnly|x64.Build.0 = Debug-MemoryOnly|x64
		{8E1B0B4C-8220-4E7B-A838-B4B3DDB4CF15}.Debug-MemoryOnly|x86.ActiveCfg = Debug-MemoryOnly|Win32
		{8E1B0B4C-8220-4E7B-A838-B4B3DDB4CF15}.Debug-MemoryOnly|x86.Build.0 = Debug-MemoryOnly|Win32
		{8E1B0B4C-8220-4E7B-A838-B4B3DDB4CF15}.Debug-Single|x64.ActiveCfg = Debug-Single|x64
		{8E1B0B4C-8220-4E7B-A838-B4B3DDB4CF15}.Debug-Single|x64.Build.0 = Debug-Single|x64
		{8E1B0B4C-8220-4E7B-A838-B4B3DDB4CF15}.Debug-Single|x86.ActiveCfg = Debug-Single|Win32
		{8E1B0B4C-8220-4E7B-A838-B4B3DDB4CF15}.Debug-Single|x86.Build.0 = Debug-Single|Win32
		{8E1B0B4C-8220-4E7B-A838-B4B3DDB4CF15}.Release|x64.ActiveCfg = Release|x64
		{8E1B0B4C-8220-4E7B-A838-B4B3DDB4CF15}.Release|x64.Build.0 = Release|x64
		{8E1B0B4C-8220-4E7B-A838-B4B3DDB4CF15}.Release|x86.ActiveCfg = Release|Win32
		{8E1B0B4C-8220-4E7B-A838-B4B3DDB4CF15}.Release|x86.Build.0 = Release|Win32
		{8E1B0B4C-8220-4E7B-A838-B4B3DDB4CF15}.Release-MemoryOnly|x64.ActiveCfg = Release-MemoryOnly|x64
		{8E1B0B4C-8220-4E7B-A838-B4B3DDB4CF15}.Release-MemoryOnly|x64.Build.0 = Release-MemoryOnly|x64
		{8E1B0B4C-8220-4E7B-A838-B4B3DDB4CF15}.Release-MemoryOnly|x86.ActiveCfg = Release-MemoryOnly|Win32
		{8E1B0B4C-8220-4E7B-A838-B4B3DDB4CF15}.Release-MemoryOnly|x86.Build.0 = Release-MemoryOnly|Win32
		{8E1B0B4C-8220-4E7B-A838-B4B3DDB4CF15}.Release-Single|x64.ActiveCfg = Release-Single|x64
		{8E1B0B4C-8220-4E7B-A838-B4B3DDB4CF15}.Release-Single|x64.Build.0 = Release-Single|x64
		{8E1B0B4C-8220-4E7B-A838-B4B3DDB4CF15}.Release-Single|x86.ActiveCfg = Release-Single|Win32
		{8E1B0B4C-8220-4E7B-A838-B4B3DDB4CF15}.Release-Single|x86.Build.0 = Release-Single|Win32
		{01DCCD38-27CC-4C1A-851F-F1700EDF8BB5}.Debug|x64.ActiveCfg = Debug|x64
		{01DCCD38-27CC-4C1A-851F-F1700EDF8BB5}.Debug|x64.Build.0 = Debug|x64
		{01DCCD38-27CC-4C1A-851F-F1700EDF8BB5}.Debug|x86.ActiveCfg = Debug|Win32
		{01DCCD38-27CC-4C1A-851F-F1700EDF8BB5}.Debug|x86.Build.0 = Debug|Win32
		{01DCCD38-27CC-4C1A-851F-F1700EDF8BB5}.Debug-MemoryOnly|x64.ActiveCfg = Debug-MemoryOnly|x64
		{01DCCD38-27CC-4C1A-851F-F1700EDF8BB5}.Debug-MemoryOnly|x64.Build.0 = Debug-MemoryOnly|x64
		{01DCCD38-27CC-4C1A-851F-F1700EDF8BB5}.Debug-MemoryOnly|x86.ActiveCfg = Debug-MemoryOnly|Win32
		{01DCCD38-27CC-4C1A-851F-F1700EDF8BB5}.Debug-MemoryOnly|x86.Build.0 = Debug-MemoryOnly|Win32
		{01DCCD38-27CC-4C1A-851F-F1700EDF8BB5}.Debug-Single|x64.ActiveCfg = Debug-Single|x64
		{01DCCD38-27CC-4C1A-851F-F1700EDF8BB5}.Debug-Single|x64.Build.0 = Debug-Single|x64
		{01DCCD38-27CC-4C1A-851F-F1700EDF8BB5}.Debug-Single|x86.ActiveCfg = Debug-Single|Win32
		{01DCCD38-27CC-4C1A-851F-F1700EDF8BB5}.Debug-Single|x86.Build.0 = Debug-Single|Win32
		{01DCCD38-27CC-4C1A-851F-F1700EDF8BB5}.Release|x64.ActiveCfg = Release|x64
		{01DCCD38-27CC-4C1A-851F-F1700EDF8BB5}.Release|x64.Build.0 = Release|x64
		{01DCCD38-27CC-4C1A-851F-F1700EDF8BB5}.Release|x86.ActiveCfg = Release|Win32
		{01DCCD38-27CC-4C1A-851F-F1700EDF8BB5}.Release|x86.Build.0 = Release|Win32
		{01DCCD38-27CC-4C1A-851F-F1700EDF8BB5}.Release-MemoryOnly|x64.ActiveCfg = Release-MemoryOnly|x64
		{01DCCD38-27CC-4C1A-851F-F1700EDF8BB5}.Release-MemoryOnly|x64.Build.0 = Release-MemoryOnly|x64
		{01DCCD38-27CC-4C1A-851F-F1700EDF8BB5}.Release-MemoryOnly|x86.ActiveCfg = Release-MemoryOnly|Win32
		{01DCCD38-27CC-4C1A-851F-F1700EDF8BB5}.Release-MemoryOnly|x86.Build.0 = Release-MemoryOnly|Win32
		{01DCCD38-27CC-4C1A-851F-F1700EDF8BB5}.Release-Single|x64.ActiveCfg = Release-Single|x64
		{01DCCD38-27CC-4C1A-851F-F1700EDF8BB5}.Release-Single|x64.Build.0 = Release-Single|x64
		{01DCCD38-27CC-4C1A-851F-F1700EDF8BB5}.Release-Single|x86.ActiveCfg = Release-Single|Win32
		{01DCCD38-27CC-4C1A-851F-F1700EDF8BB5}.Release-Single|x86.Build.0 = Release-Single|Win32
	EndGlobalSection
	GlobalSection(SolutionProperties) = preSolution
		HideSolutionNode = FALSE
	EndGlobalSection
	GlobalSection(ExtensibilityGlobals) = postSolution
		SolutionGuid = {8A092BFF-D3CE-4692-B83B-281D21D3A769}
	EndGlobalSection
EndGlobal
